
Microsoft Visual Studio Solution File, Format Version 12.00
# Visual Studio Version 17
VisualStudioVersion = 17.3.32929.385
MinimumVisualStudioVersion = 10.0.40219.1
Project("{F184B08F-C81C-45F6-A57F-5ABD9991F28F}") = "Pico Web2", "Pico Web\Pico Web2.vbproj", "{47CD5C8A-AE62-4C2E-8957-36FB7BB04C4C}"
EndProject
Global
	GlobalSection(SolutionConfigurationPlatforms) = preSolution
		Debug|Any CPU = Debug|Any CPU
		Release|Any CPU = Release|Any CPU
	EndGlobalSection
	GlobalSection(ProjectConfigurationPlatforms) = postSolution
		{47CD5C8A-AE62-4C2E-8957-36FB7BB04C4C}.Debug|Any CPU.ActiveCfg = Debug|Any CPU
		{47CD5C8A-AE62-4C2E-8957-36FB7BB04C4C}.Debug|Any CPU.Build.0 = Debug|Any CPU
		{47CD5C8A-AE62-4C2E-8957-36FB7BB04C4C}.Release|Any CPU.ActiveCfg = Release|Any CPU
		{47CD5C8A-AE62-4C2E-8957-36FB7BB04C4C}.Release|Any CPU.Build.0 = Release|Any CPU
	EndGlobalSection
	GlobalSection(SolutionProperties) = preSolution
		HideSolutionNode = FALSE
	EndGlobalSection
	GlobalSection(ExtensibilityGlobals) = postSolution
		SolutionGuid = {894B4D30-05D0-4F16-B45F-7654F8EAC926}
	EndGlobalSection
EndGlobal
